
Microsoft Visual Studio Solution File, Format Version 12.00
Project("{FAE04EC0-301F-11D3-BF4B-00C04F79EFBC}") = "ModularApp.GrpcAPI", "ModularApp.GrpcAPI\ModularApp.GrpcAPI.csproj", "{92EF8F6C-C0AD-4B87-9389-4473CCCBA7E6}"
EndProject
Project("{FAE04EC0-301F-11D3-BF4B-00C04F79EFBC}") = "ModularApp.WebApi", "ModularApp.WebApi\ModularApp.WebApi.csproj", "{44CDF3AF-7C97-4307-B5BC-50B5B97AAAD5}"
EndProject
Project("{FAE04EC0-301F-11D3-BF4B-00C04F79EFBC}") = "ModularApp.Modules.Workspace.Domain", "ModularApp.Modules.Workspace.Domain\ModularApp.Modules.Workspace.Domain.csproj", "{375C9DBB-DAF6-4BFC-A037-4F256B894143}"
EndProject
Project("{FAE04EC0-301F-11D3-BF4B-00C04F79EFBC}") = "ModularApp.Modules.Workspace.Infrastructure", "ModularApp.Modules.Workspace.Infrastructure\ModularApp.Modules.Workspace.Infrastructure.csproj", "{9CFF10F1-F1DA-4499-9352-8997908FA7C4}"
EndProject
Project("{FAE04EC0-301F-11D3-BF4B-00C04F79EFBC}") = "ModularApp.Modules.Workspace.Application", "ModularApp.Modules.Workspace.Application\ModularApp.Modules.Workspace.Application.csproj", "{01A23C02-B9C7-484F-A56C-B28C8AE04FE4}"
EndProject
Project("{2150E333-8FDC-42A3-9474-1A3956D46DE8}") = "Tests", "Tests", "{08F3BDE9-ED36-41A3-907C-EBA1C47C03D3}"
EndProject
Project("{FAE04EC0-301F-11D3-BF4B-00C04F79EFBC}") = "ModularApp.Modules.Workspace.ArchitectureTests", "ModularApp.Modules.Workspace.ArchitectureTests\ModularApp.Modules.Workspace.ArchitectureTests.csproj", "{2B416DDE-D559-4B4B-AE4B-07BA879D9A97}"
EndProject
Project("{2150E333-8FDC-42A3-9474-1A3956D46DE8}") = "Shared", "Shared", "{CCD0D954-E816-45E6-A6AC-EF72FDAF7DA9}"
EndProject
Project("{2150E333-8FDC-42A3-9474-1A3956D46DE8}") = "Modules", "Modules", "{260482E9-B677-420B-B9BE-DD7439C54322}"
EndProject
Project("{2150E333-8FDC-42A3-9474-1A3956D46DE8}") = "API", "API", "{3F88660D-BD3F-4909-B86C-4ABC2A36F04A}"
EndProject
Project("{2150E333-8FDC-42A3-9474-1A3956D46DE8}") = "Workspace", "Workspace", "{6B2982A8-B786-454C-B1E6-DC7153532C0A}"
EndProject
Project("{FAE04EC0-301F-11D3-BF4B-00C04F79EFBC}") = "ModularApp.Core", "ModularApp.Core\ModularApp.Core.csproj", "{AF78473A-2ACC-4732-A778-B8B54AC2BA6B}"
EndProject
Project("{2150E333-8FDC-42A3-9474-1A3956D46DE8}") = "Tests", "Tests", "{A3163005-7710-4341-9EDA-4F88161F7CA9}"
EndProject
Project("{FAE04EC0-301F-11D3-BF4B-00C04F79EFBC}") = "ModularApp.IntegrationTests", "ModularApp.IntegrationTests\ModularApp.IntegrationTests.csproj", "{E917097D-0BD1-4E97-96A7-3C30D2612571}"
EndProject
Global
	GlobalSection(SolutionConfigurationPlatforms) = preSolution
		Debug|Any CPU = Debug|Any CPU
		Release|Any CPU = Release|Any CPU
	EndGlobalSection
	GlobalSection(ProjectConfigurationPlatforms) = postSolution
		{92EF8F6C-C0AD-4B87-9389-4473CCCBA7E6}.Debug|Any CPU.ActiveCfg = Debug|Any CPU
		{92EF8F6C-C0AD-4B87-9389-4473CCCBA7E6}.Debug|Any CPU.Build.0 = Debug|Any CPU
		{92EF8F6C-C0AD-4B87-9389-4473CCCBA7E6}.Release|Any CPU.ActiveCfg = Release|Any CPU
		{92EF8F6C-C0AD-4B87-9389-4473CCCBA7E6}.Release|Any CPU.Build.0 = Release|Any CPU
		{44CDF3AF-7C97-4307-B5BC-50B5B97AAAD5}.Debug|Any CPU.ActiveCfg = Debug|Any CPU
		{44CDF3AF-7C97-4307-B5BC-50B5B97AAAD5}.Debug|Any CPU.Build.0 = Debug|Any CPU
		{44CDF3AF-7C97-4307-B5BC-50B5B97AAAD5}.Release|Any CPU.ActiveCfg = Release|Any CPU
		{44CDF3AF-7C97-4307-B5BC-50B5B97AAAD5}.Release|Any CPU.Build.0 = Release|Any CPU
		{375C9DBB-DAF6-4BFC-A037-4F256B894143}.Debug|Any CPU.ActiveCfg = Debug|Any CPU
		{375C9DBB-DAF6-4BFC-A037-4F256B894143}.Debug|Any CPU.Build.0 = Debug|Any CPU
		{375C9DBB-DAF6-4BFC-A037-4F256B894143}.Release|Any CPU.ActiveCfg = Release|Any CPU
		{375C9DBB-DAF6-4BFC-A037-4F256B894143}.Release|Any CPU.Build.0 = Release|Any CPU
		{9CFF10F1-F1DA-4499-9352-8997908FA7C4}.Debug|Any CPU.ActiveCfg = Debug|Any CPU
		{9CFF10F1-F1DA-4499-9352-8997908FA7C4}.Debug|Any CPU.Build.0 = Debug|Any CPU
		{9CFF10F1-F1DA-4499-9352-8997908FA7C4}.Release|Any CPU.ActiveCfg = Release|Any CPU
		{9CFF10F1-F1DA-4499-9352-8997908FA7C4}.Release|Any CPU.Build.0 = Release|Any CPU
		{01A23C02-B9C7-484F-A56C-B28C8AE04FE4}.Debug|Any CPU.ActiveCfg = Debug|Any CPU
		{01A23C02-B9C7-484F-A56C-B28C8AE04FE4}.Debug|Any CPU.Build.0 = Debug|Any CPU
		{01A23C02-B9C7-484F-A56C-B28C8AE04FE4}.Release|Any CPU.ActiveCfg = Release|Any CPU
		{01A23C02-B9C7-484F-A56C-B28C8AE04FE4}.Release|Any CPU.Build.0 = Release|Any CPU
		{2B416DDE-D559-4B4B-AE4B-07BA879D9A97}.Debug|Any CPU.ActiveCfg = Debug|Any CPU
		{2B416DDE-D559-4B4B-AE4B-07BA879D9A97}.Debug|Any CPU.Build.0 = Debug|Any CPU
		{2B416DDE-D559-4B4B-AE4B-07BA879D9A97}.Release|Any CPU.ActiveCfg = Release|Any CPU
		{2B416DDE-D559-4B4B-AE4B-07BA879D9A97}.Release|Any CPU.Build.0 = Release|Any CPU
		{AF78473A-2ACC-4732-A778-B8B54AC2BA6B}.Debug|Any CPU.ActiveCfg = Debug|Any CPU
		{AF78473A-2ACC-4732-A778-B8B54AC2BA6B}.Debug|Any CPU.Build.0 = Debug|Any CPU
		{AF78473A-2ACC-4732-A778-B8B54AC2BA6B}.Release|Any CPU.ActiveCfg = Release|Any CPU
		{AF78473A-2ACC-4732-A778-B8B54AC2BA6B}.Release|Any CPU.Build.0 = Release|Any CPU
		{E917097D-0BD1-4E97-96A7-3C30D2612571}.Debug|Any CPU.ActiveCfg = Debug|Any CPU
		{E917097D-0BD1-4E97-96A7-3C30D2612571}.Debug|Any CPU.Build.0 = Debug|Any CPU
		{E917097D-0BD1-4E97-96A7-3C30D2612571}.Release|Any CPU.ActiveCfg = Release|Any CPU
		{E917097D-0BD1-4E97-96A7-3C30D2612571}.Release|Any CPU.Build.0 = Release|Any CPU
	EndGlobalSection
	GlobalSection(NestedProjects) = preSolution
		{2B416DDE-D559-4B4B-AE4B-07BA879D9A97} = {08F3BDE9-ED36-41A3-907C-EBA1C47C03D3}
		{92EF8F6C-C0AD-4B87-9389-4473CCCBA7E6} = {3F88660D-BD3F-4909-B86C-4ABC2A36F04A}
		{44CDF3AF-7C97-4307-B5BC-50B5B97AAAD5} = {3F88660D-BD3F-4909-B86C-4ABC2A36F04A}
		{6B2982A8-B786-454C-B1E6-DC7153532C0A} = {260482E9-B677-420B-B9BE-DD7439C54322}
		{01A23C02-B9C7-484F-A56C-B28C8AE04FE4} = {6B2982A8-B786-454C-B1E6-DC7153532C0A}
		{375C9DBB-DAF6-4BFC-A037-4F256B894143} = {6B2982A8-B786-454C-B1E6-DC7153532C0A}
		{9CFF10F1-F1DA-4499-9352-8997908FA7C4} = {6B2982A8-B786-454C-B1E6-DC7153532C0A}
		{08F3BDE9-ED36-41A3-907C-EBA1C47C03D3} = {6B2982A8-B786-454C-B1E6-DC7153532C0A}
		{AF78473A-2ACC-4732-A778-B8B54AC2BA6B} = {CCD0D954-E816-45E6-A6AC-EF72FDAF7DA9}
		{E917097D-0BD1-4E97-96A7-3C30D2612571} = {A3163005-7710-4341-9EDA-4F88161F7CA9}
	EndGlobalSection
EndGlobal
